
Microsoft Visual Studio Solution File, Format Version 12.00
# Visual Studio Version 17
VisualStudioVersion = 17.5.002.0
MinimumVisualStudioVersion = 10.0.40219.1
Project("{9A19103F-16F7-4668-BE54-9A1E7A4F7556}") = "Semana15_2_Javier_Monje", "Semana15_2_Javier_Monje.csproj", "{80755331-B373-44C7-BF89-38101256EE1B}"
EndProject
Global
	GlobalSection(SolutionConfigurationPlatforms) = preSolution
		Debug|Any CPU = Debug|Any CPU
		Release|Any CPU = Release|Any CPU
	EndGlobalSection
	GlobalSection(ProjectConfigurationPlatforms) = postSolution
		{80755331-B373-44C7-BF89-38101256EE1B}.Debug|Any CPU.ActiveCfg = Debug|Any CPU
		{80755331-B373-44C7-BF89-38101256EE1B}.Debug|Any CPU.Build.0 = Debug|Any CPU
		{80755331-B373-44C7-BF89-38101256EE1B}.Release|Any CPU.ActiveCfg = Release|Any CPU
		{80755331-B373-44C7-BF89-38101256EE1B}.Release|Any CPU.Build.0 = Release|Any CPU
	EndGlobalSection
	GlobalSection(SolutionProperties) = preSolution
		HideSolutionNode = FALSE
	EndGlobalSection
	GlobalSection(ExtensibilityGlobals) = postSolution
		SolutionGuid = {683E98EA-3F4D-456E-8339-5175E2AA2171}
	EndGlobalSection
EndGlobal
