
Microsoft Visual Studio Solution File, Format Version 12.00
# Visual Studio Version 17
VisualStudioVersion = 17.5.002.0
MinimumVisualStudioVersion = 10.0.40219.1
Project("{9A19103F-16F7-4668-BE54-9A1E7A4F7556}") = "Parcial_II", "Parcial_II.csproj", "{9B97D3E4-5A26-4998-9CED-8947EC7F8851}"
EndProject
Global
	GlobalSection(SolutionConfigurationPlatforms) = preSolution
		Debug|Any CPU = Debug|Any CPU
		Release|Any CPU = Release|Any CPU
	EndGlobalSection
	GlobalSection(ProjectConfigurationPlatforms) = postSolution
		{9B97D3E4-5A26-4998-9CED-8947EC7F8851}.Debug|Any CPU.ActiveCfg = Debug|Any CPU
		{9B97D3E4-5A26-4998-9CED-8947EC7F8851}.Debug|Any CPU.Build.0 = Debug|Any CPU
		{9B97D3E4-5A26-4998-9CED-8947EC7F8851}.Release|Any CPU.ActiveCfg = Release|Any CPU
		{9B97D3E4-5A26-4998-9CED-8947EC7F8851}.Release|Any CPU.Build.0 = Release|Any CPU
	EndGlobalSection
	GlobalSection(SolutionProperties) = preSolution
		HideSolutionNode = FALSE
	EndGlobalSection
	GlobalSection(ExtensibilityGlobals) = postSolution
		SolutionGuid = {6F9E6261-BA02-406D-840F-29A8BCC3DFA5}
	EndGlobalSection
EndGlobal
